// !$*UTF8*$!
{
	archiveVersion = 1;
	classes = {
	};
	objectVersion = 46;
	objects = {

/* Begin PBXBuildFile section */
		9089FED4190CB122003FBAF8 /* Foundation.framework in Frameworks */ = {isa = PBXBuildFile; fileRef = A89D8FE617CFFDCE0077F2B5 /* Foundation.framework */; };
		9089FED7190CB122003FBAF8 /* main.m in Sources */ = {isa = PBXBuildFile; fileRef = 9089FED6190CB122003FBAF8 /* main.m */; };
		9089FEE1190CB14D003FBAF8 /* NSString+ISDAdditions.m in Sources */ = {isa = PBXBuildFile; fileRef = 9089FEE0190CB14D003FBAF8 /* NSString+ISDAdditions.m */; };
		9089FEE2190CB14D003FBAF8 /* NSString+ISDAdditions.m in Sources */ = {isa = PBXBuildFile; fileRef = 9089FEE0190CB14D003FBAF8 /* NSString+ISDAdditions.m */; };
		9089FEE5190CB15B003FBAF8 /* IDXIBDumper.m in Sources */ = {isa = PBXBuildFile; fileRef = 9089FEE4190CB15B003FBAF8 /* IDXIBDumper.m */; };
		9089FEE6190CB190003FBAF8 /* CGUCodeGenTool.m in Sources */ = {isa = PBXBuildFile; fileRef = A885F8AD17DA8DE400A29164 /* CGUCodeGenTool.m */; };
		A838792018A04BF700B386D6 /* Foundation.framework in Frameworks */ = {isa = PBXBuildFile; fileRef = A89D8FE617CFFDCE0077F2B5 /* Foundation.framework */; };
		A838792318A04BF700B386D6 /* main.m in Sources */ = {isa = PBXBuildFile; fileRef = A838792218A04BF700B386D6 /* main.m */; };
		A838792B18A04C0E00B386D6 /* CGUCodeGenTool.m in Sources */ = {isa = PBXBuildFile; fileRef = A885F8AD17DA8DE400A29164 /* CGUCodeGenTool.m */; };
		A838792E18A04C3400B386D6 /* IDStoryboardDumper.m in Sources */ = {isa = PBXBuildFile; fileRef = A838792D18A04C3400B386D6 /* IDStoryboardDumper.m */; };
		A885F89C17DA8C7A00A29164 /* Foundation.framework in Frameworks */ = {isa = PBXBuildFile; fileRef = A89D8FE617CFFDCE0077F2B5 /* Foundation.framework */; };
		A885F89F17DA8C7A00A29164 /* main.m in Sources */ = {isa = PBXBuildFile; fileRef = A885F89E17DA8C7A00A29164 /* main.m */; };
		A885F8AE17DA8DE400A29164 /* CGUCodeGenTool.m in Sources */ = {isa = PBXBuildFile; fileRef = A885F8AD17DA8DE400A29164 /* CGUCodeGenTool.m */; };
		A885F8AF17DA8DE400A29164 /* CGUCodeGenTool.m in Sources */ = {isa = PBXBuildFile; fileRef = A885F8AD17DA8DE400A29164 /* CGUCodeGenTool.m */; };
		A885F8B217DA921600A29164 /* CDColorListDumper.m in Sources */ = {isa = PBXBuildFile; fileRef = A885F8B117DA921600A29164 /* CDColorListDumper.m */; };
		A885F8B417DA929800A29164 /* AppKit.framework in Frameworks */ = {isa = PBXBuildFile; fileRef = A885F8B317DA929800A29164 /* AppKit.framework */; };
		A89D8FE717CFFDCE0077F2B5 /* Foundation.framework in Frameworks */ = {isa = PBXBuildFile; fileRef = A89D8FE617CFFDCE0077F2B5 /* Foundation.framework */; };
		A89D8FEA17CFFDCE0077F2B5 /* main.m in Sources */ = {isa = PBXBuildFile; fileRef = A89D8FE917CFFDCE0077F2B5 /* main.m */; };
		A89D8FF617CFFED90077F2B5 /* AGCatalogParser.m in Sources */ = {isa = PBXBuildFile; fileRef = A89D8FF517CFFED90077F2B5 /* AGCatalogParser.m */; };
/* End PBXBuildFile section */

/* Begin PBXCopyFilesBuildPhase section */
		9089FED1190CB122003FBAF8 /* CopyFiles */ = {
			isa = PBXCopyFilesBuildPhase;
			buildActionMask = 2147483647;
			dstPath = /usr/share/man/man1/;
			dstSubfolderSpec = 0;
			files = (
			);
			runOnlyForDeploymentPostprocessing = 1;
		};
		A838791D18A04BF700B386D6 /* CopyFiles */ = {
			isa = PBXCopyFilesBuildPhase;
			buildActionMask = 2147483647;
			dstPath = /usr/share/man/man1/;
			dstSubfolderSpec = 0;
			files = (
			);
			runOnlyForDeploymentPostprocessing = 1;
		};
		A885F89917DA8C7A00A29164 /* CopyFiles */ = {
			isa = PBXCopyFilesBuildPhase;
			buildActionMask = 2147483647;
			dstPath = /usr/share/man/man1/;
			dstSubfolderSpec = 0;
			files = (
			);
			runOnlyForDeploymentPostprocessing = 1;
		};
		A89D8FE117CFFDCE0077F2B5 /* CopyFiles */ = {
			isa = PBXCopyFilesBuildPhase;
			buildActionMask = 2147483647;
			dstPath = /usr/share/man/man1/;
			dstSubfolderSpec = 0;
			files = (
			);
			runOnlyForDeploymentPostprocessing = 1;
		};
/* End PBXCopyFilesBuildPhase section */

/* Begin PBXFileReference section */
		9089FED3190CB122003FBAF8 /* xibconstants */ = {isa = PBXFileReference; explicitFileType = "compiled.mach-o.executable"; includeInIndex = 0; path = xibconstants; sourceTree = BUILT_PRODUCTS_DIR; };
		9089FED6190CB122003FBAF8 /* main.m */ = {isa = PBXFileReference; lastKnownFileType = sourcecode.c.objc; path = main.m; sourceTree = "<group>"; };
		9089FED9190CB122003FBAF8 /* xibconstants-Prefix.pch */ = {isa = PBXFileReference; lastKnownFileType = sourcecode.c.h; path = "xibconstants-Prefix.pch"; sourceTree = "<group>"; };
		9089FEDF190CB14D003FBAF8 /* NSString+ISDAdditions.h */ = {isa = PBXFileReference; fileEncoding = 4; lastKnownFileType = sourcecode.c.h; path = "NSString+ISDAdditions.h"; sourceTree = "<group>"; };
		9089FEE0190CB14D003FBAF8 /* NSString+ISDAdditions.m */ = {isa = PBXFileReference; fileEncoding = 4; lastKnownFileType = sourcecode.c.objc; path = "NSString+ISDAdditions.m"; sourceTree = "<group>"; };
		9089FEE3190CB15B003FBAF8 /* IDXIBDumper.h */ = {isa = PBXFileReference; fileEncoding = 4; lastKnownFileType = sourcecode.c.h; path = IDXIBDumper.h; sourceTree = "<group>"; };
		9089FEE4190CB15B003FBAF8 /* IDXIBDumper.m */ = {isa = PBXFileReference; fileEncoding = 4; lastKnownFileType = sourcecode.c.objc; path = IDXIBDumper.m; sourceTree = "<group>"; };
		A83878DB18A0367C00B386D6 /* CoreGraphics.framework */ = {isa = PBXFileReference; lastKnownFileType = wrapper.framework; name = CoreGraphics.framework; path = System/Library/Frameworks/CoreGraphics.framework; sourceTree = SDKROOT; };
		A83878DD18A0367C00B386D6 /* UIKit.framework */ = {isa = PBXFileReference; lastKnownFileType = wrapper.framework; name = UIKit.framework; path = Library/Frameworks/UIKit.framework; sourceTree = DEVELOPER_DIR; };
		A83878FB18A0367C00B386D6 /* XCTest.framework */ = {isa = PBXFileReference; lastKnownFileType = wrapper.framework; name = XCTest.framework; path = Library/Frameworks/XCTest.framework; sourceTree = DEVELOPER_DIR; };
		A838791F18A04BF700B386D6 /* objc-identifierconstants */ = {isa = PBXFileReference; explicitFileType = "compiled.mach-o.executable"; includeInIndex = 0; path = "objc-identifierconstants"; sourceTree = BUILT_PRODUCTS_DIR; };
		A838792218A04BF700B386D6 /* main.m */ = {isa = PBXFileReference; lastKnownFileType = sourcecode.c.objc; path = main.m; sourceTree = "<group>"; };
		A838792518A04BF700B386D6 /* identifierconstants-Prefix.pch */ = {isa = PBXFileReference; lastKnownFileType = sourcecode.c.h; path = "identifierconstants-Prefix.pch"; sourceTree = "<group>"; };
		A838792C18A04C3400B386D6 /* IDStoryboardDumper.h */ = {isa = PBXFileReference; fileEncoding = 4; lastKnownFileType = sourcecode.c.h; path = IDStoryboardDumper.h; sourceTree = "<group>"; };
		A838792D18A04C3400B386D6 /* IDStoryboardDumper.m */ = {isa = PBXFileReference; fileEncoding = 4; lastKnownFileType = sourcecode.c.objc; path = IDStoryboardDumper.m; sourceTree = "<group>"; };
		A885F89B17DA8C7A00A29164 /* objc-colordump */ = {isa = PBXFileReference; explicitFileType = "compiled.mach-o.executable"; includeInIndex = 0; path = "objc-colordump"; sourceTree = BUILT_PRODUCTS_DIR; };
		A885F89E17DA8C7A00A29164 /* main.m */ = {isa = PBXFileReference; lastKnownFileType = sourcecode.c.objc; path = main.m; sourceTree = "<group>"; };
		A885F8A117DA8C7A00A29164 /* colordump-Prefix.pch */ = {isa = PBXFileReference; lastKnownFileType = sourcecode.c.h; path = "colordump-Prefix.pch"; sourceTree = "<group>"; };
		A885F8AC17DA8DE400A29164 /* CGUCodeGenTool.h */ = {isa = PBXFileReference; fileEncoding = 4; lastKnownFileType = sourcecode.c.h; path = CGUCodeGenTool.h; sourceTree = "<group>"; };
		A885F8AD17DA8DE400A29164 /* CGUCodeGenTool.m */ = {isa = PBXFileReference; fileEncoding = 4; lastKnownFileType = sourcecode.c.objc; path = CGUCodeGenTool.m; sourceTree = "<group>"; };
		A885F8B017DA921600A29164 /* CDColorListDumper.h */ = {isa = PBXFileReference; fileEncoding = 4; lastKnownFileType = sourcecode.c.h; path = CDColorListDumper.h; sourceTree = "<group>"; };
		A885F8B117DA921600A29164 /* CDColorListDumper.m */ = {isa = PBXFileReference; fileEncoding = 4; lastKnownFileType = sourcecode.c.objc; path = CDColorListDumper.m; sourceTree = "<group>"; };
		A885F8B317DA929800A29164 /* AppKit.framework */ = {isa = PBXFileReference; lastKnownFileType = wrapper.framework; name = AppKit.framework; path = System/Library/Frameworks/AppKit.framework; sourceTree = SDKROOT; };
		A89D8FE317CFFDCE0077F2B5 /* objc-assetgen */ = {isa = PBXFileReference; explicitFileType = "compiled.mach-o.executable"; includeInIndex = 0; path = "objc-assetgen"; sourceTree = BUILT_PRODUCTS_DIR; };
		A89D8FE617CFFDCE0077F2B5 /* Foundation.framework */ = {isa = PBXFileReference; lastKnownFileType = wrapper.framework; name = Foundation.framework; path = System/Library/Frameworks/Foundation.framework; sourceTree = SDKROOT; };
		A89D8FE917CFFDCE0077F2B5 /* main.m */ = {isa = PBXFileReference; lastKnownFileType = sourcecode.c.objc; path = main.m; sourceTree = "<group>"; };
		A89D8FEC17CFFDCE0077F2B5 /* assetgen-Prefix.pch */ = {isa = PBXFileReference; lastKnownFileType = sourcecode.c.h; path = "assetgen-Prefix.pch"; sourceTree = "<group>"; };
		A89D8FF417CFFED90077F2B5 /* AGCatalogParser.h */ = {isa = PBXFileReference; fileEncoding = 4; lastKnownFileType = sourcecode.c.h; path = AGCatalogParser.h; sourceTree = "<group>"; };
		A89D8FF517CFFED90077F2B5 /* AGCatalogParser.m */ = {isa = PBXFileReference; fileEncoding = 4; lastKnownFileType = sourcecode.c.objc; path = AGCatalogParser.m; sourceTree = "<group>"; };
/* End PBXFileReference section */

/* Begin PBXFrameworksBuildPhase section */
		9089FED0190CB122003FBAF8 /* Frameworks */ = {
			isa = PBXFrameworksBuildPhase;
			buildActionMask = 2147483647;
			files = (
				9089FED4190CB122003FBAF8 /* Foundation.framework in Frameworks */,
			);
			runOnlyForDeploymentPostprocessing = 0;
		};
		A838791C18A04BF700B386D6 /* Frameworks */ = {
			isa = PBXFrameworksBuildPhase;
			buildActionMask = 2147483647;
			files = (
				A838792018A04BF700B386D6 /* Foundation.framework in Frameworks */,
			);
			runOnlyForDeploymentPostprocessing = 0;
		};
		A885F89817DA8C7A00A29164 /* Frameworks */ = {
			isa = PBXFrameworksBuildPhase;
			buildActionMask = 2147483647;
			files = (
				A885F8B417DA929800A29164 /* AppKit.framework in Frameworks */,
				A885F89C17DA8C7A00A29164 /* Foundation.framework in Frameworks */,
			);
			runOnlyForDeploymentPostprocessing = 0;
		};
		A89D8FE017CFFDCE0077F2B5 /* Frameworks */ = {
			isa = PBXFrameworksBuildPhase;
			buildActionMask = 2147483647;
			files = (
				A89D8FE717CFFDCE0077F2B5 /* Foundation.framework in Frameworks */,
			);
			runOnlyForDeploymentPostprocessing = 0;
		};
/* End PBXFrameworksBuildPhase section */

/* Begin PBXGroup section */
		9089FED5190CB122003FBAF8 /* xibconstants */ = {
			isa = PBXGroup;
			children = (
				9089FEE3190CB15B003FBAF8 /* IDXIBDumper.h */,
				9089FEE4190CB15B003FBAF8 /* IDXIBDumper.m */,
				9089FED6190CB122003FBAF8 /* main.m */,
				9089FED8190CB122003FBAF8 /* Supporting Files */,
			);
			path = xibconstants;
			sourceTree = "<group>";
		};
		9089FED8190CB122003FBAF8 /* Supporting Files */ = {
			isa = PBXGroup;
			children = (
				9089FED9190CB122003FBAF8 /* xibconstants-Prefix.pch */,
			);
			name = "Supporting Files";
			sourceTree = "<group>";
		};
		A838792118A04BF700B386D6 /* identifierconstants */ = {
			isa = PBXGroup;
			children = (
				A838792C18A04C3400B386D6 /* IDStoryboardDumper.h */,
				A838792D18A04C3400B386D6 /* IDStoryboardDumper.m */,
				A838792218A04BF700B386D6 /* main.m */,
				A838792418A04BF700B386D6 /* Supporting Files */,
			);
			path = identifierconstants;
			sourceTree = "<group>";
		};
		A838792418A04BF700B386D6 /* Supporting Files */ = {
			isa = PBXGroup;
			children = (
				A838792518A04BF700B386D6 /* identifierconstants-Prefix.pch */,
			);
			name = "Supporting Files";
			sourceTree = "<group>";
		};
		A885F89D17DA8C7A00A29164 /* colordump */ = {
			isa = PBXGroup;
			children = (
				A885F8B017DA921600A29164 /* CDColorListDumper.h */,
				A885F8B117DA921600A29164 /* CDColorListDumper.m */,
				A885F89E17DA8C7A00A29164 /* main.m */,
				A885F8A017DA8C7A00A29164 /* Supporting Files */,
			);
			path = colordump;
			sourceTree = "<group>";
		};
		A885F8A017DA8C7A00A29164 /* Supporting Files */ = {
			isa = PBXGroup;
			children = (
				A885F8A117DA8C7A00A29164 /* colordump-Prefix.pch */,
			);
			name = "Supporting Files";
			sourceTree = "<group>";
		};
		A885F8A717DA8CBA00A29164 /* Shared */ = {
			isa = PBXGroup;
			children = (
				A885F8AC17DA8DE400A29164 /* CGUCodeGenTool.h */,
				A885F8AD17DA8DE400A29164 /* CGUCodeGenTool.m */,
				9089FEDF190CB14D003FBAF8 /* NSString+ISDAdditions.h */,
				9089FEE0190CB14D003FBAF8 /* NSString+ISDAdditions.m */,
			);
			path = Shared;
			sourceTree = "<group>";
		};
		A89D8FDA17CFFDCE0077F2B5 = {
			isa = PBXGroup;
			children = (
				A89D8FE817CFFDCE0077F2B5 /* assetgen */,
				A885F89D17DA8C7A00A29164 /* colordump */,
				A838792118A04BF700B386D6 /* identifierconstants */,
				9089FED5190CB122003FBAF8 /* xibconstants */,
				A885F8A717DA8CBA00A29164 /* Shared */,
				A89D8FE517CFFDCE0077F2B5 /* Frameworks */,
				A89D8FE417CFFDCE0077F2B5 /* Products */,
			);
			sourceTree = "<group>";
		};
		A89D8FE417CFFDCE0077F2B5 /* Products */ = {
			isa = PBXGroup;
			children = (
				A89D8FE317CFFDCE0077F2B5 /* objc-assetgen */,
				A885F89B17DA8C7A00A29164 /* objc-colordump */,
				A838791F18A04BF700B386D6 /* objc-identifierconstants */,
				9089FED3190CB122003FBAF8 /* xibconstants */,
			);
			name = Products;
			sourceTree = "<group>";
		};
		A89D8FE517CFFDCE0077F2B5 /* Frameworks */ = {
			isa = PBXGroup;
			children = (
				A885F8B317DA929800A29164 /* AppKit.framework */,
				A89D8FE617CFFDCE0077F2B5 /* Foundation.framework */,
				A83878DB18A0367C00B386D6 /* CoreGraphics.framework */,
				A83878DD18A0367C00B386D6 /* UIKit.framework */,
				A83878FB18A0367C00B386D6 /* XCTest.framework */,
			);
			name = Frameworks;
			sourceTree = "<group>";
		};
		A89D8FE817CFFDCE0077F2B5 /* assetgen */ = {
			isa = PBXGroup;
			children = (
				A89D8FF417CFFED90077F2B5 /* AGCatalogParser.h */,
				A89D8FF517CFFED90077F2B5 /* AGCatalogParser.m */,
				A89D8FE917CFFDCE0077F2B5 /* main.m */,
				A89D8FEB17CFFDCE0077F2B5 /* Supporting Files */,
			);
			path = assetgen;
			sourceTree = "<group>";
		};
		A89D8FEB17CFFDCE0077F2B5 /* Supporting Files */ = {
			isa = PBXGroup;
			children = (
				A89D8FEC17CFFDCE0077F2B5 /* assetgen-Prefix.pch */,
			);
			name = "Supporting Files";
			sourceTree = "<group>";
		};
/* End PBXGroup section */

/* Begin PBXNativeTarget section */
		9089FED2190CB122003FBAF8 /* xibconstants */ = {
			isa = PBXNativeTarget;
			buildConfigurationList = 9089FEDC190CB122003FBAF8 /* Build configuration list for PBXNativeTarget "xibconstants" */;
			buildPhases = (
				9089FECF190CB122003FBAF8 /* Sources */,
				9089FED0190CB122003FBAF8 /* Frameworks */,
				9089FED1190CB122003FBAF8 /* CopyFiles */,
			);
			buildRules = (
			);
			dependencies = (
			);
			name = xibconstants;
			productName = xibconstants;
			productReference = 9089FED3190CB122003FBAF8 /* xibconstants */;
			productType = "com.apple.product-type.tool";
		};
		A838791E18A04BF700B386D6 /* identifierconstants */ = {
			isa = PBXNativeTarget;
			buildConfigurationList = A838792818A04BF700B386D6 /* Build configuration list for PBXNativeTarget "identifierconstants" */;
			buildPhases = (
				A838791B18A04BF700B386D6 /* Sources */,
				A838791C18A04BF700B386D6 /* Frameworks */,
				A838791D18A04BF700B386D6 /* CopyFiles */,
			);
			buildRules = (
			);
			dependencies = (
			);
			name = identifierconstants;
			productName = identiferconstants;
			productReference = A838791F18A04BF700B386D6 /* objc-identifierconstants */;
			productType = "com.apple.product-type.tool";
		};
		A885F89A17DA8C7A00A29164 /* colordump */ = {
			isa = PBXNativeTarget;
			buildConfigurationList = A885F8A417DA8C7A00A29164 /* Build configuration list for PBXNativeTarget "colordump" */;
			buildPhases = (
				A885F89717DA8C7A00A29164 /* Sources */,
				A885F89817DA8C7A00A29164 /* Frameworks */,
				A885F89917DA8C7A00A29164 /* CopyFiles */,
			);
			buildRules = (
			);
			dependencies = (
			);
			name = colordump;
			productName = colordump;
			productReference = A885F89B17DA8C7A00A29164 /* objc-colordump */;
			productType = "com.apple.product-type.tool";
		};
		A89D8FE217CFFDCE0077F2B5 /* assetgen */ = {
			isa = PBXNativeTarget;
			buildConfigurationList = A89D8FF117CFFDCE0077F2B5 /* Build configuration list for PBXNativeTarget "assetgen" */;
			buildPhases = (
				A89D8FDF17CFFDCE0077F2B5 /* Sources */,
				A89D8FE017CFFDCE0077F2B5 /* Frameworks */,
				A89D8FE117CFFDCE0077F2B5 /* CopyFiles */,
			);
			buildRules = (
			);
			dependencies = (
			);
			name = assetgen;
			productName = assetgen;
			productReference = A89D8FE317CFFDCE0077F2B5 /* objc-assetgen */;
			productType = "com.apple.product-type.tool";
		};
/* End PBXNativeTarget section */

/* Begin PBXProject section */
		A89D8FDB17CFFDCE0077F2B5 /* Project object */ = {
			isa = PBXProject;
			attributes = {
				LastUpgradeCheck = 0500;
				ORGANIZATIONNAME = "Square, Inc";
			};
			buildConfigurationList = A89D8FDE17CFFDCE0077F2B5 /* Build configuration list for PBXProject "codegenutils" */;
			compatibilityVersion = "Xcode 3.2";
			developmentRegion = English;
			hasScannedForEncodings = 0;
			knownRegions = (
				en,
				Base,
			);
			mainGroup = A89D8FDA17CFFDCE0077F2B5;
			productRefGroup = A89D8FE417CFFDCE0077F2B5 /* Products */;
			projectDirPath = "";
			projectRoot = "";
			targets = (
				A89D8FE217CFFDCE0077F2B5 /* assetgen */,
				A885F89A17DA8C7A00A29164 /* colordump */,
				A838791E18A04BF700B386D6 /* identifierconstants */,
				9089FED2190CB122003FBAF8 /* xibconstants */,
			);
		};
/* End PBXProject section */

/* Begin PBXSourcesBuildPhase section */
		9089FECF190CB122003FBAF8 /* Sources */ = {
			isa = PBXSourcesBuildPhase;
			buildActionMask = 2147483647;
			files = (
				9089FEE2190CB14D003FBAF8 /* NSString+ISDAdditions.m in Sources */,
				9089FEE6190CB190003FBAF8 /* CGUCodeGenTool.m in Sources */,
				9089FED7190CB122003FBAF8 /* main.m in Sources */,
				9089FEE5190CB15B003FBAF8 /* IDXIBDumper.m in Sources */,
			);
			runOnlyForDeploymentPostprocessing = 0;
		};
		A838791B18A04BF700B386D6 /* Sources */ = {
			isa = PBXSourcesBuildPhase;
			buildActionMask = 2147483647;
			files = (
				9089FEE1190CB14D003FBAF8 /* NSString+ISDAdditions.m in Sources */,
				A838792318A04BF700B386D6 /* main.m in Sources */,
				A838792B18A04C0E00B386D6 /* CGUCodeGenTool.m in Sources */,
				A838792E18A04C3400B386D6 /* IDStoryboardDumper.m in Sources */,
			);
			runOnlyForDeploymentPostprocessing = 0;
		};
		A885F89717DA8C7A00A29164 /* Sources */ = {
			isa = PBXSourcesBuildPhase;
			buildActionMask = 2147483647;
			files = (
				A885F89F17DA8C7A00A29164 /* main.m in Sources */,
				A885F8B217DA921600A29164 /* CDColorListDumper.m in Sources */,
				A885F8AF17DA8DE400A29164 /* CGUCodeGenTool.m in Sources */,
			);
			runOnlyForDeploymentPostprocessing = 0;
		};
		A89D8FDF17CFFDCE0077F2B5 /* Sources */ = {
			isa = PBXSourcesBuildPhase;
			buildActionMask = 2147483647;
			files = (
				A89D8FF617CFFED90077F2B5 /* AGCatalogParser.m in Sources */,
				A885F8AE17DA8DE400A29164 /* CGUCodeGenTool.m in Sources */,
				A89D8FEA17CFFDCE0077F2B5 /* main.m in Sources */,
			);
			runOnlyForDeploymentPostprocessing = 0;
		};
/* End PBXSourcesBuildPhase section */

/* Begin XCBuildConfiguration section */
		9089FEDD190CB122003FBAF8 /* Debug */ = {
			isa = XCBuildConfiguration;
			buildSettings = {
				GCC_PRECOMPILE_PREFIX_HEADER = YES;
				GCC_PREFIX_HEADER = "xibconstants/xibconstants-Prefix.pch";
				GCC_PREPROCESSOR_DEFINITIONS = (
					"DEBUG=1",
					"$(inherited)",
				);
				GCC_WARN_UNINITIALIZED_AUTOS = YES_AGGRESSIVE;
				MACOSX_DEPLOYMENT_TARGET = 10.9;
				PRODUCT_NAME = "$(TARGET_NAME)";
			};
			name = Debug;
		};
		9089FEDE190CB122003FBAF8 /* Release */ = {
			isa = XCBuildConfiguration;
			buildSettings = {
				GCC_PRECOMPILE_PREFIX_HEADER = YES;
				GCC_PREFIX_HEADER = "xibconstants/xibconstants-Prefix.pch";
				GCC_WARN_UNINITIALIZED_AUTOS = YES_AGGRESSIVE;
				MACOSX_DEPLOYMENT_TARGET = 10.9;
				PRODUCT_NAME = "$(TARGET_NAME)";
			};
			name = Release;
		};
		A838792918A04BF700B386D6 /* Debug */ = {
			isa = XCBuildConfiguration;
			buildSettings = {
				GCC_PRECOMPILE_PREFIX_HEADER = YES;
				GCC_PREFIX_HEADER = "identifierconstants/identifierconstants-Prefix.pch";
				GCC_PREPROCESSOR_DEFINITIONS = (
					"DEBUG=1",
					"$(inherited)",
				);
				MACOSX_DEPLOYMENT_TARGET = 10.9;
				PRODUCT_NAME = "objc-$(TARGET_NAME)";
			};
			name = Debug;
		};
		A838792A18A04BF700B386D6 /* Release */ = {
			isa = XCBuildConfiguration;
			buildSettings = {
				GCC_PRECOMPILE_PREFIX_HEADER = YES;
				GCC_PREFIX_HEADER = "identifierconstants/identifierconstants-Prefix.pch";
				MACOSX_DEPLOYMENT_TARGET = 10.9;
				PRODUCT_NAME = "objc-$(TARGET_NAME)";
			};
			name = Release;
		};
		A885F8A517DA8C7A00A29164 /* Debug */ = {
			isa = XCBuildConfiguration;
			buildSettings = {
				GCC_PRECOMPILE_PREFIX_HEADER = YES;
				GCC_PREFIX_HEADER = "colordump/colordump-Prefix.pch";
				GCC_PREPROCESSOR_DEFINITIONS = (
					"DEBUG=1",
					"$(inherited)",
				);
				PRODUCT_NAME = "objc-colordump";
			};
			name = Debug;
		};
		A885F8A617DA8C7A00A29164 /* Release */ = {
			isa = XCBuildConfiguration;
			buildSettings = {
				GCC_PRECOMPILE_PREFIX_HEADER = YES;
				GCC_PREFIX_HEADER = "colordump/colordump-Prefix.pch";
				PRODUCT_NAME = "objc-colordump";
			};
			name = Release;
		};
		A89D8FEF17CFFDCE0077F2B5 /* Debug */ = {
			isa = XCBuildConfiguration;
			buildSettings = {
				ALWAYS_SEARCH_USER_PATHS = NO;
				CLANG_CXX_LANGUAGE_STANDARD = "gnu++0x";
				CLANG_CXX_LIBRARY = "libc++";
				CLANG_ENABLE_MODULES = YES;
				CLANG_ENABLE_OBJC_ARC = YES;
				CLANG_WARN_BOOL_CONVERSION = YES;
				CLANG_WARN_CONSTANT_CONVERSION = YES;
				CLANG_WARN_DIRECT_OBJC_ISA_USAGE = YES_ERROR;
				CLANG_WARN_EMPTY_BODY = YES;
				CLANG_WARN_ENUM_CONVERSION = YES;
				CLANG_WARN_INT_CONVERSION = YES;
				CLANG_WARN_OBJC_ROOT_CLASS = YES_ERROR;
				CLANG_WARN__DUPLICATE_METHOD_MATCH = YES;
				COPY_PHASE_STRIP = NO;
				GCC_C_LANGUAGE_STANDARD = gnu99;
				GCC_DYNAMIC_NO_PIC = NO;
				GCC_ENABLE_OBJC_EXCEPTIONS = YES;
				GCC_OPTIMIZATION_LEVEL = 0;
				GCC_PREPROCESSOR_DEFINITIONS = (
					"DEBUG=1",
					"$(inherited)",
				);
				GCC_SYMBOLS_PRIVATE_EXTERN = NO;
				GCC_WARN_64_TO_32_BIT_CONVERSION = YES;
				GCC_WARN_ABOUT_RETURN_TYPE = YES_ERROR;
				GCC_WARN_UNDECLARED_SELECTOR = YES;
				GCC_WARN_UNINITIALIZED_AUTOS = YES;
				GCC_WARN_UNUSED_FUNCTION = YES;
				GCC_WARN_UNUSED_VARIABLE = YES;
				MACOSX_DEPLOYMENT_TARGET = 10.8;
				ONLY_ACTIVE_ARCH = YES;
				SDKROOT = macosx;
			};
			name = Debug;
		};
		A89D8FF017CFFDCE0077F2B5 /* Release */ = {
			isa = XCBuildConfiguration;
			buildSettings = {
				ALWAYS_SEARCH_USER_PATHS = NO;
				CLANG_CXX_LANGUAGE_STANDARD = "gnu++0x";
				CLANG_CXX_LIBRARY = "libc++";
				CLANG_ENABLE_MODULES = YES;
				CLANG_ENABLE_OBJC_ARC = YES;
				CLANG_WARN_BOOL_CONVERSION = YES;
				CLANG_WARN_CONSTANT_CONVERSION = YES;
				CLANG_WARN_DIRECT_OBJC_ISA_USAGE = YES_ERROR;
				CLANG_WARN_EMPTY_BODY = YES;
				CLANG_WARN_ENUM_CONVERSION = YES;
				CLANG_WARN_INT_CONVERSION = YES;
				CLANG_WARN_OBJC_ROOT_CLASS = YES_ERROR;
				CLANG_WARN__DUPLICATE_METHOD_MATCH = YES;
				COPY_PHASE_STRIP = YES;
				DEBUG_INFORMATION_FORMAT = "dwarf-with-dsym";
				ENABLE_NS_ASSERTIONS = NO;
				GCC_C_LANGUAGE_STANDARD = gnu99;
				GCC_ENABLE_OBJC_EXCEPTIONS = YES;
				GCC_WARN_64_TO_32_BIT_CONVERSION = YES;
				GCC_WARN_ABOUT_RETURN_TYPE = YES_ERROR;
				GCC_WARN_UNDECLARED_SELECTOR = YES;
				GCC_WARN_UNINITIALIZED_AUTOS = YES;
				GCC_WARN_UNUSED_FUNCTION = YES;
				GCC_WARN_UNUSED_VARIABLE = YES;
				MACOSX_DEPLOYMENT_TARGET = 10.8;
				SDKROOT = macosx;
			};
			name = Release;
		};
		A89D8FF217CFFDCE0077F2B5 /* Debug */ = {
			isa = XCBuildConfiguration;
			buildSettings = {
				GCC_PRECOMPILE_PREFIX_HEADER = YES;
				GCC_PREFIX_HEADER = "assetgen/assetgen-Prefix.pch";
				PRODUCT_NAME = "objc-assetgen";
			};
			name = Debug;
		};
		A89D8FF317CFFDCE0077F2B5 /* Release */ = {
			isa = XCBuildConfiguration;
			buildSettings = {
				GCC_PRECOMPILE_PREFIX_HEADER = YES;
				GCC_PREFIX_HEADER = "assetgen/assetgen-Prefix.pch";
				PRODUCT_NAME = "objc-assetgen";
			};
			name = Release;
		};
/* End XCBuildConfiguration section */

/* Begin XCConfigurationList section */
		9089FEDC190CB122003FBAF8 /* Build configuration list for PBXNativeTarget "xibconstants" */ = {
			isa = XCConfigurationList;
			buildConfigurations = (
				9089FEDD190CB122003FBAF8 /* Debug */,
				9089FEDE190CB122003FBAF8 /* Release */,
			);
			defaultConfigurationIsVisible = 0;
		};
		A838792818A04BF700B386D6 /* Build configuration list for PBXNativeTarget "identifierconstants" */ = {
			isa = XCConfigurationList;
			buildConfigurations = (
				A838792918A04BF700B386D6 /* Debug */,
				A838792A18A04BF700B386D6 /* Release */,
			);
			defaultConfigurationIsVisible = 0;
			defaultConfigurationName = Release;
		};
		A885F8A417DA8C7A00A29164 /* Build configuration list for PBXNativeTarget "colordump" */ = {
			isa = XCConfigurationList;
			buildConfigurations = (
				A885F8A517DA8C7A00A29164 /* Debug */,
				A885F8A617DA8C7A00A29164 /* Release */,
			);
			defaultConfigurationIsVisible = 0;
			defaultConfigurationName = Release;
		};
		A89D8FDE17CFFDCE0077F2B5 /* Build configuration list for PBXProject "codegenutils" */ = {
			isa = XCConfigurationList;
			buildConfigurations = (
				A89D8FEF17CFFDCE0077F2B5 /* Debug */,
				A89D8FF017CFFDCE0077F2B5 /* Release */,
			);
			defaultConfigurationIsVisible = 0;
			defaultConfigurationName = Release;
		};
		A89D8FF117CFFDCE0077F2B5 /* Build configuration list for PBXNativeTarget "assetgen" */ = {
			isa = XCConfigurationList;
			buildConfigurations = (
				A89D8FF217CFFDCE0077F2B5 /* Debug */,
				A89D8FF317CFFDCE0077F2B5 /* Release */,
			);
			defaultConfigurationIsVisible = 0;
			defaultConfigurationName = Release;
		};
/* End XCConfigurationList section */
	};
	rootObject = A89D8FDB17CFFDCE0077F2B5 /* Project object */;
}
